
Microsoft Visual Studio Solution File, Format Version 12.00
# Visual Studio 15
VisualStudioVersion = 15.0.27428.2037
MinimumVisualStudioVersion = 10.0.40219.1
Project("{FAE04EC0-301F-11D3-BF4B-00C04F79EFBC}") = "ProductStore", "ProductStore\ProductStore.csproj", "{A54A825A-1E72-49A9-B841-5732FA47BA86}"
EndProject
Project("{FAE04EC0-301F-11D3-BF4B-00C04F79EFBC}") = "ProductLibrary", "..\ASM-3\ProductLibrary\ProductLibrary.csproj", "{BF8C3A1C-AE80-45F2-946C-40969F02EBD2}"
EndProject
Global
	GlobalSection(SolutionConfigurationPlatforms) = preSolution
		Debug|Any CPU = Debug|Any CPU
		Release|Any CPU = Release|Any CPU
	EndGlobalSection
	GlobalSection(ProjectConfigurationPlatforms) = postSolution
		{A54A825A-1E72-49A9-B841-5732FA47BA86}.Debug|Any CPU.ActiveCfg = Debug|Any CPU
		{A54A825A-1E72-49A9-B841-5732FA47BA86}.Debug|Any CPU.Build.0 = Debug|Any CPU
		{A54A825A-1E72-49A9-B841-5732FA47BA86}.Release|Any CPU.ActiveCfg = Release|Any CPU
		{A54A825A-1E72-49A9-B841-5732FA47BA86}.Release|Any CPU.Build.0 = Release|Any CPU
		{BF8C3A1C-AE80-45F2-946C-40969F02EBD2}.Debug|Any CPU.ActiveCfg = Debug|Any CPU
		{BF8C3A1C-AE80-45F2-946C-40969F02EBD2}.Debug|Any CPU.Build.0 = Debug|Any CPU
		{BF8C3A1C-AE80-45F2-946C-40969F02EBD2}.Release|Any CPU.ActiveCfg = Release|Any CPU
		{BF8C3A1C-AE80-45F2-946C-40969F02EBD2}.Release|Any CPU.Build.0 = Release|Any CPU
	EndGlobalSection
	GlobalSection(SolutionProperties) = preSolution
		HideSolutionNode = FALSE
	EndGlobalSection
	GlobalSection(ExtensibilityGlobals) = postSolution
		SolutionGuid = {65672639-350A-42D8-9D1D-BCA65B204DF5}
	EndGlobalSection
EndGlobal
