
Microsoft Visual Studio Solution File, Format Version 12.00
# Visual Studio 15
VisualStudioVersion = 15.0.27428.2037
MinimumVisualStudioVersion = 10.0.40219.1
Project("{FAE04EC0-301F-11D3-BF4B-00C04F79EFBC}") = "SaleApp", "SaleApp\SaleApp.csproj", "{0E686BCE-5D10-48A8-A9AF-ED21DC444B0B}"
EndProject
Global
	GlobalSection(SolutionConfigurationPlatforms) = preSolution
		Debug|Any CPU = Debug|Any CPU
		Release|Any CPU = Release|Any CPU
	EndGlobalSection
	GlobalSection(ProjectConfigurationPlatforms) = postSolution
		{0E686BCE-5D10-48A8-A9AF-ED21DC444B0B}.Debug|Any CPU.ActiveCfg = Debug|Any CPU
		{0E686BCE-5D10-48A8-A9AF-ED21DC444B0B}.Debug|Any CPU.Build.0 = Debug|Any CPU
		{0E686BCE-5D10-48A8-A9AF-ED21DC444B0B}.Release|Any CPU.ActiveCfg = Release|Any CPU
		{0E686BCE-5D10-48A8-A9AF-ED21DC444B0B}.Release|Any CPU.Build.0 = Release|Any CPU
	EndGlobalSection
	GlobalSection(SolutionProperties) = preSolution
		HideSolutionNode = FALSE
	EndGlobalSection
	GlobalSection(ExtensibilityGlobals) = postSolution
		SolutionGuid = {C85FDA4F-AC8A-43AE-BDF6-8A0931A4F181}
	EndGlobalSection
EndGlobal
